
Microsoft Visual Studio Solution File, Format Version 12.00
# Visual Studio Version 17
VisualStudioVersion = 17.14.36616.10 d17.14
MinimumVisualStudioVersion = 10.0.40219.1
Project("{FAE04EC0-301F-11D3-BF4B-00C04F79EFBC}") = "Empleado", "27-10-25_Herencia_Polimorfismo\Empleado.csproj", "{91374597-C6BE-4E53-9112-350BF27A50C8}"
EndProject
Project("{FAE04EC0-301F-11D3-BF4B-00C04F79EFBC}") = "Testeo", "Testeo\Testeo.csproj", "{51899456-5AA6-45D2-94F6-7B17C6E485E2}"
EndProject
Global
	GlobalSection(SolutionConfigurationPlatforms) = preSolution
		Debug|Any CPU = Debug|Any CPU
		Release|Any CPU = Release|Any CPU
	EndGlobalSection
	GlobalSection(ProjectConfigurationPlatforms) = postSolution
		{91374597-C6BE-4E53-9112-350BF27A50C8}.Debug|Any CPU.ActiveCfg = Debug|Any CPU
		{91374597-C6BE-4E53-9112-350BF27A50C8}.Debug|Any CPU.Build.0 = Debug|Any CPU
		{91374597-C6BE-4E53-9112-350BF27A50C8}.Release|Any CPU.ActiveCfg = Release|Any CPU
		{91374597-C6BE-4E53-9112-350BF27A50C8}.Release|Any CPU.Build.0 = Release|Any CPU
		{51899456-5AA6-45D2-94F6-7B17C6E485E2}.Debug|Any CPU.ActiveCfg = Debug|Any CPU
		{51899456-5AA6-45D2-94F6-7B17C6E485E2}.Debug|Any CPU.Build.0 = Debug|Any CPU
		{51899456-5AA6-45D2-94F6-7B17C6E485E2}.Release|Any CPU.ActiveCfg = Release|Any CPU
		{51899456-5AA6-45D2-94F6-7B17C6E485E2}.Release|Any CPU.Build.0 = Release|Any CPU
	EndGlobalSection
	GlobalSection(SolutionProperties) = preSolution
		HideSolutionNode = FALSE
	EndGlobalSection
	GlobalSection(ExtensibilityGlobals) = postSolution
		SolutionGuid = {33B62524-9018-41E3-9AFA-7AB15FEB3AEF}
	EndGlobalSection
EndGlobal
