
Microsoft Visual Studio Solution File, Format Version 12.00
# Visual Studio Version 17
VisualStudioVersion = 17.14.36414.22 d17.14
MinimumVisualStudioVersion = 10.0.40219.1
Project("{FAE04EC0-301F-11D3-BF4B-00C04F79EFBC}") = "clase_28-8--25", "clase_28-8--25\clase_28-8--25.csproj", "{A34D1458-8F6A-4491-BBC2-28C1183E356B}"
EndProject
Global
	GlobalSection(SolutionConfigurationPlatforms) = preSolution
		Debug|Any CPU = Debug|Any CPU
		Release|Any CPU = Release|Any CPU
	EndGlobalSection
	GlobalSection(ProjectConfigurationPlatforms) = postSolution
		{A34D1458-8F6A-4491-BBC2-28C1183E356B}.Debug|Any CPU.ActiveCfg = Debug|Any CPU
		{A34D1458-8F6A-4491-BBC2-28C1183E356B}.Debug|Any CPU.Build.0 = Debug|Any CPU
		{A34D1458-8F6A-4491-BBC2-28C1183E356B}.Release|Any CPU.ActiveCfg = Release|Any CPU
		{A34D1458-8F6A-4491-BBC2-28C1183E356B}.Release|Any CPU.Build.0 = Release|Any CPU
	EndGlobalSection
	GlobalSection(SolutionProperties) = preSolution
		HideSolutionNode = FALSE
	EndGlobalSection
	GlobalSection(ExtensibilityGlobals) = postSolution
		SolutionGuid = {65C5560F-D36D-4F51-AF52-F06E5233231B}
	EndGlobalSection
EndGlobal
