
Microsoft Visual Studio Solution File, Format Version 12.00
# Visual Studio Version 17
VisualStudioVersion = 17.14.36414.22 d17.14
MinimumVisualStudioVersion = 10.0.40219.1
Project("{FAE04EC0-301F-11D3-BF4B-00C04F79EFBC}") = "clase01", "clase01\clase01.csproj", "{269C94E4-6B42-4EE5-B8B1-403107C32B64}"
EndProject
Project("{FAE04EC0-301F-11D3-BF4B-00C04F79EFBC}") = "Ejercicio18_presupuesto_hospital", "Ejercicio18_presupuesto_hospital\Ejercicio18_presupuesto_hospital.csproj", "{C043AD85-2EC9-40E9-9401-BEB8D99F816B}"
EndProject
Project("{FAE04EC0-301F-11D3-BF4B-00C04F79EFBC}") = "Ejercicio07", "Ejercicio07\Ejercicio07.csproj", "{D8EC6DDD-3BBF-467B-83DB-D1003415BDBD}"
EndProject
Global
	GlobalSection(SolutionConfigurationPlatforms) = preSolution
		Debug|Any CPU = Debug|Any CPU
		Release|Any CPU = Release|Any CPU
	EndGlobalSection
	GlobalSection(ProjectConfigurationPlatforms) = postSolution
		{269C94E4-6B42-4EE5-B8B1-403107C32B64}.Debug|Any CPU.ActiveCfg = Debug|Any CPU
		{269C94E4-6B42-4EE5-B8B1-403107C32B64}.Debug|Any CPU.Build.0 = Debug|Any CPU
		{269C94E4-6B42-4EE5-B8B1-403107C32B64}.Release|Any CPU.ActiveCfg = Release|Any CPU
		{269C94E4-6B42-4EE5-B8B1-403107C32B64}.Release|Any CPU.Build.0 = Release|Any CPU
		{C043AD85-2EC9-40E9-9401-BEB8D99F816B}.Debug|Any CPU.ActiveCfg = Debug|Any CPU
		{C043AD85-2EC9-40E9-9401-BEB8D99F816B}.Debug|Any CPU.Build.0 = Debug|Any CPU
		{C043AD85-2EC9-40E9-9401-BEB8D99F816B}.Release|Any CPU.ActiveCfg = Release|Any CPU
		{C043AD85-2EC9-40E9-9401-BEB8D99F816B}.Release|Any CPU.Build.0 = Release|Any CPU
		{D8EC6DDD-3BBF-467B-83DB-D1003415BDBD}.Debug|Any CPU.ActiveCfg = Debug|Any CPU
		{D8EC6DDD-3BBF-467B-83DB-D1003415BDBD}.Debug|Any CPU.Build.0 = Debug|Any CPU
		{D8EC6DDD-3BBF-467B-83DB-D1003415BDBD}.Release|Any CPU.ActiveCfg = Release|Any CPU
		{D8EC6DDD-3BBF-467B-83DB-D1003415BDBD}.Release|Any CPU.Build.0 = Release|Any CPU
	EndGlobalSection
	GlobalSection(SolutionProperties) = preSolution
		HideSolutionNode = FALSE
	EndGlobalSection
	GlobalSection(ExtensibilityGlobals) = postSolution
		SolutionGuid = {63FFCD47-225C-43C7-83E2-D8381238A0B1}
	EndGlobalSection
EndGlobal
